
Microsoft Visual Studio Solution File, Format Version 12.00
# Visual Studio 15
VisualStudioVersion = 15.0.28010.2046
MinimumVisualStudioVersion = 10.0.40219.1
Project("{FAE04EC0-301F-11D3-BF4B-00C04F79EFBC}") = "1.TransportPrice", "1.TransportPrice\1.TransportPrice.csproj", "{33D96188-7EC1-4A54-9B8F-55C963089432}"
EndProject
Project("{FAE04EC0-301F-11D3-BF4B-00C04F79EFBC}") = "2.PipesInPool", "2.PipesInPool\2.PipesInPool.csproj", "{3AC799BD-0807-4AF8-9D4D-CBF3C9A559C6}"
EndProject
Project("{FAE04EC0-301F-11D3-BF4B-00C04F79EFBC}") = "3.SleepyTomCat", "3.SleepyTomCat\3.SleepyTomCat.csproj", "{C13AE39A-143F-4A47-B945-9C0228CA6BAE}"
EndProject
Project("{FAE04EC0-301F-11D3-BF4B-00C04F79EFBC}") = "4.Harvest", "4.Harvest\4.Harvest.csproj", "{7C02CB96-103A-4427-93AA-A269047EFDA9}"
EndProject
Project("{FAE04EC0-301F-11D3-BF4B-00C04F79EFBC}") = "5.Firm", "5.Firm\5.Firm.csproj", "{66DCC08F-D234-424A-9B34-35142B7A7954}"
EndProject
Global
	GlobalSection(SolutionConfigurationPlatforms) = preSolution
		Debug|Any CPU = Debug|Any CPU
		Release|Any CPU = Release|Any CPU
	EndGlobalSection
	GlobalSection(ProjectConfigurationPlatforms) = postSolution
		{33D96188-7EC1-4A54-9B8F-55C963089432}.Debug|Any CPU.ActiveCfg = Debug|Any CPU
		{33D96188-7EC1-4A54-9B8F-55C963089432}.Debug|Any CPU.Build.0 = Debug|Any CPU
		{33D96188-7EC1-4A54-9B8F-55C963089432}.Release|Any CPU.ActiveCfg = Release|Any CPU
		{33D96188-7EC1-4A54-9B8F-55C963089432}.Release|Any CPU.Build.0 = Release|Any CPU
		{3AC799BD-0807-4AF8-9D4D-CBF3C9A559C6}.Debug|Any CPU.ActiveCfg = Debug|Any CPU
		{3AC799BD-0807-4AF8-9D4D-CBF3C9A559C6}.Debug|Any CPU.Build.0 = Debug|Any CPU
		{3AC799BD-0807-4AF8-9D4D-CBF3C9A559C6}.Release|Any CPU.ActiveCfg = Release|Any CPU
		{3AC799BD-0807-4AF8-9D4D-CBF3C9A559C6}.Release|Any CPU.Build.0 = Release|Any CPU
		{C13AE39A-143F-4A47-B945-9C0228CA6BAE}.Debug|Any CPU.ActiveCfg = Debug|Any CPU
		{C13AE39A-143F-4A47-B945-9C0228CA6BAE}.Debug|Any CPU.Build.0 = Debug|Any CPU
		{C13AE39A-143F-4A47-B945-9C0228CA6BAE}.Release|Any CPU.ActiveCfg = Release|Any CPU
		{C13AE39A-143F-4A47-B945-9C0228CA6BAE}.Release|Any CPU.Build.0 = Release|Any CPU
		{7C02CB96-103A-4427-93AA-A269047EFDA9}.Debug|Any CPU.ActiveCfg = Debug|Any CPU
		{7C02CB96-103A-4427-93AA-A269047EFDA9}.Debug|Any CPU.Build.0 = Debug|Any CPU
		{7C02CB96-103A-4427-93AA-A269047EFDA9}.Release|Any CPU.ActiveCfg = Release|Any CPU
		{7C02CB96-103A-4427-93AA-A269047EFDA9}.Release|Any CPU.Build.0 = Release|Any CPU
		{66DCC08F-D234-424A-9B34-35142B7A7954}.Debug|Any CPU.ActiveCfg = Debug|Any CPU
		{66DCC08F-D234-424A-9B34-35142B7A7954}.Debug|Any CPU.Build.0 = Debug|Any CPU
		{66DCC08F-D234-424A-9B34-35142B7A7954}.Release|Any CPU.ActiveCfg = Release|Any CPU
		{66DCC08F-D234-424A-9B34-35142B7A7954}.Release|Any CPU.Build.0 = Release|Any CPU
	EndGlobalSection
	GlobalSection(SolutionProperties) = preSolution
		HideSolutionNode = FALSE
	EndGlobalSection
	GlobalSection(ExtensibilityGlobals) = postSolution
		SolutionGuid = {2F5A4BE2-6C3F-4660-9E1B-6B90D386CF6A}
	EndGlobalSection
EndGlobal
