
Microsoft Visual Studio Solution File, Format Version 12.00
# Visual Studio 15
VisualStudioVersion = 15.0.28010.2026
MinimumVisualStudioVersion = 10.0.40219.1
Project("{FAE04EC0-301F-11D3-BF4B-00C04F79EFBC}") = "CrossCurrencyConvertor", "CrossCurrencyConvertor\CrossCurrencyConvertor.csproj", "{7DD610E7-7164-42C3-997B-A2FBE7D14E76}"
EndProject
Global
	GlobalSection(SolutionConfigurationPlatforms) = preSolution
		Debug|Any CPU = Debug|Any CPU
		Release|Any CPU = Release|Any CPU
	EndGlobalSection
	GlobalSection(ProjectConfigurationPlatforms) = postSolution
		{7DD610E7-7164-42C3-997B-A2FBE7D14E76}.Debug|Any CPU.ActiveCfg = Debug|Any CPU
		{7DD610E7-7164-42C3-997B-A2FBE7D14E76}.Debug|Any CPU.Build.0 = Debug|Any CPU
		{7DD610E7-7164-42C3-997B-A2FBE7D14E76}.Release|Any CPU.ActiveCfg = Release|Any CPU
		{7DD610E7-7164-42C3-997B-A2FBE7D14E76}.Release|Any CPU.Build.0 = Release|Any CPU
	EndGlobalSection
	GlobalSection(SolutionProperties) = preSolution
		HideSolutionNode = FALSE
	EndGlobalSection
	GlobalSection(ExtensibilityGlobals) = postSolution
		SolutionGuid = {2DD2D642-132D-4E86-A278-DA9B00E1BF72}
	EndGlobalSection
EndGlobal
