
Microsoft Visual Studio Solution File, Format Version 12.00
# Visual Studio 15
VisualStudioVersion = 15.0.28010.2026
MinimumVisualStudioVersion = 10.0.40219.1
Project("{FAE04EC0-301F-11D3-BF4B-00C04F79EFBC}") = "Operatori", "Operatori\Operatori.csproj", "{3A0D00FF-38C7-4F32-9445-A4F0A19DA1D1}"
EndProject
Project("{FAE04EC0-301F-11D3-BF4B-00C04F79EFBC}") = "ConsoleApp1", "ConsoleApp1\ConsoleApp1.csproj", "{43022597-8B00-4AAD-A494-8088A2164A20}"
EndProject
Global
	GlobalSection(SolutionConfigurationPlatforms) = preSolution
		Debug|Any CPU = Debug|Any CPU
		Release|Any CPU = Release|Any CPU
	EndGlobalSection
	GlobalSection(ProjectConfigurationPlatforms) = postSolution
		{3A0D00FF-38C7-4F32-9445-A4F0A19DA1D1}.Debug|Any CPU.ActiveCfg = Debug|Any CPU
		{3A0D00FF-38C7-4F32-9445-A4F0A19DA1D1}.Debug|Any CPU.Build.0 = Debug|Any CPU
		{3A0D00FF-38C7-4F32-9445-A4F0A19DA1D1}.Release|Any CPU.ActiveCfg = Release|Any CPU
		{3A0D00FF-38C7-4F32-9445-A4F0A19DA1D1}.Release|Any CPU.Build.0 = Release|Any CPU
		{43022597-8B00-4AAD-A494-8088A2164A20}.Debug|Any CPU.ActiveCfg = Debug|Any CPU
		{43022597-8B00-4AAD-A494-8088A2164A20}.Debug|Any CPU.Build.0 = Debug|Any CPU
		{43022597-8B00-4AAD-A494-8088A2164A20}.Release|Any CPU.ActiveCfg = Release|Any CPU
		{43022597-8B00-4AAD-A494-8088A2164A20}.Release|Any CPU.Build.0 = Release|Any CPU
	EndGlobalSection
	GlobalSection(SolutionProperties) = preSolution
		HideSolutionNode = FALSE
	EndGlobalSection
	GlobalSection(ExtensibilityGlobals) = postSolution
		SolutionGuid = {72F49A09-16B8-41A5-A7B4-14A64D9C766E}
	EndGlobalSection
EndGlobal
