
Microsoft Visual Studio Solution File, Format Version 12.00
# Visual Studio 15
VisualStudioVersion = 15.0.28307.136
MinimumVisualStudioVersion = 10.0.40219.1
Project("{FAE04EC0-301F-11D3-BF4B-00C04F79EFBC}") = "PingPong", "ConsoleApp11\PingPong.csproj", "{2A986C7E-B908-4BA0-AC83-A298F16E5BDB}"
EndProject
Project("{FAE04EC0-301F-11D3-BF4B-00C04F79EFBC}") = "Cars", "Cars\Cars.csproj", "{3EB78578-94FD-4818-8826-78BBDF9D5617}"
EndProject
Project("{FAE04EC0-301F-11D3-BF4B-00C04F79EFBC}") = "Snake", "Snake\Snake.csproj", "{B4D5D058-DDE5-4660-8277-984C11C4AD45}"
EndProject
Project("{FAE04EC0-301F-11D3-BF4B-00C04F79EFBC}") = "Tetris", "Tetris\Tetris.csproj", "{7D934E16-F378-401C-A44C-108ACB6E7D8A}"
EndProject
Project("{FAE04EC0-301F-11D3-BF4B-00C04F79EFBC}") = "Tron", "Tron\Tron.csproj", "{91EC27BD-7310-4599-A091-B6699C1FA69C}"
EndProject
Global
	GlobalSection(SolutionConfigurationPlatforms) = preSolution
		Debug|Any CPU = Debug|Any CPU
		Release|Any CPU = Release|Any CPU
	EndGlobalSection
	GlobalSection(ProjectConfigurationPlatforms) = postSolution
		{2A986C7E-B908-4BA0-AC83-A298F16E5BDB}.Debug|Any CPU.ActiveCfg = Debug|Any CPU
		{2A986C7E-B908-4BA0-AC83-A298F16E5BDB}.Debug|Any CPU.Build.0 = Debug|Any CPU
		{2A986C7E-B908-4BA0-AC83-A298F16E5BDB}.Release|Any CPU.ActiveCfg = Release|Any CPU
		{2A986C7E-B908-4BA0-AC83-A298F16E5BDB}.Release|Any CPU.Build.0 = Release|Any CPU
		{3EB78578-94FD-4818-8826-78BBDF9D5617}.Debug|Any CPU.ActiveCfg = Debug|Any CPU
		{3EB78578-94FD-4818-8826-78BBDF9D5617}.Debug|Any CPU.Build.0 = Debug|Any CPU
		{3EB78578-94FD-4818-8826-78BBDF9D5617}.Release|Any CPU.ActiveCfg = Release|Any CPU
		{3EB78578-94FD-4818-8826-78BBDF9D5617}.Release|Any CPU.Build.0 = Release|Any CPU
		{B4D5D058-DDE5-4660-8277-984C11C4AD45}.Debug|Any CPU.ActiveCfg = Debug|Any CPU
		{B4D5D058-DDE5-4660-8277-984C11C4AD45}.Debug|Any CPU.Build.0 = Debug|Any CPU
		{B4D5D058-DDE5-4660-8277-984C11C4AD45}.Release|Any CPU.ActiveCfg = Release|Any CPU
		{B4D5D058-DDE5-4660-8277-984C11C4AD45}.Release|Any CPU.Build.0 = Release|Any CPU
		{7D934E16-F378-401C-A44C-108ACB6E7D8A}.Debug|Any CPU.ActiveCfg = Debug|Any CPU
		{7D934E16-F378-401C-A44C-108ACB6E7D8A}.Debug|Any CPU.Build.0 = Debug|Any CPU
		{7D934E16-F378-401C-A44C-108ACB6E7D8A}.Release|Any CPU.ActiveCfg = Release|Any CPU
		{7D934E16-F378-401C-A44C-108ACB6E7D8A}.Release|Any CPU.Build.0 = Release|Any CPU
		{91EC27BD-7310-4599-A091-B6699C1FA69C}.Debug|Any CPU.ActiveCfg = Debug|Any CPU
		{91EC27BD-7310-4599-A091-B6699C1FA69C}.Debug|Any CPU.Build.0 = Debug|Any CPU
		{91EC27BD-7310-4599-A091-B6699C1FA69C}.Release|Any CPU.ActiveCfg = Release|Any CPU
		{91EC27BD-7310-4599-A091-B6699C1FA69C}.Release|Any CPU.Build.0 = Release|Any CPU
	EndGlobalSection
	GlobalSection(SolutionProperties) = preSolution
		HideSolutionNode = FALSE
	EndGlobalSection
	GlobalSection(ExtensibilityGlobals) = postSolution
		SolutionGuid = {175272F5-E385-4FB3-BA55-B3C2A7D54C77}
	EndGlobalSection
EndGlobal
