
Microsoft Visual Studio Solution File, Format Version 12.00
# Visual Studio 15
VisualStudioVersion = 15.0.28307.421
MinimumVisualStudioVersion = 10.0.40219.1
Project("{FAE04EC0-301F-11D3-BF4B-00C04F79EFBC}") = "Einsteins Riddle", "Einsteins Riddle\Einsteins Riddle.csproj", "{D46C95B1-9BE0-4DB7-AE84-1ADAABBC07F6}"
EndProject
Global
	GlobalSection(SolutionConfigurationPlatforms) = preSolution
		Debug|Any CPU = Debug|Any CPU
		Release|Any CPU = Release|Any CPU
	EndGlobalSection
	GlobalSection(ProjectConfigurationPlatforms) = postSolution
		{D46C95B1-9BE0-4DB7-AE84-1ADAABBC07F6}.Debug|Any CPU.ActiveCfg = Debug|Any CPU
		{D46C95B1-9BE0-4DB7-AE84-1ADAABBC07F6}.Debug|Any CPU.Build.0 = Debug|Any CPU
		{D46C95B1-9BE0-4DB7-AE84-1ADAABBC07F6}.Release|Any CPU.ActiveCfg = Release|Any CPU
		{D46C95B1-9BE0-4DB7-AE84-1ADAABBC07F6}.Release|Any CPU.Build.0 = Release|Any CPU
	EndGlobalSection
	GlobalSection(SolutionProperties) = preSolution
		HideSolutionNode = FALSE
	EndGlobalSection
	GlobalSection(ExtensibilityGlobals) = postSolution
		SolutionGuid = {FF85C685-A741-410B-B77B-0F5A39319D1F}
	EndGlobalSection
EndGlobal
