
Microsoft Visual Studio Solution File, Format Version 12.00
# Visual Studio 15
VisualStudioVersion = 15.0.28010.2026
MinimumVisualStudioVersion = 10.0.40219.1
Project("{FAE04EC0-301F-11D3-BF4B-00C04F79EFBC}") = "ZadachiVtoraGlava", "ConsoleApp3\ZadachiVtoraGlava.csproj", "{FA1932FE-6CB9-446D-8A61-2B8E35EA6FA9}"
EndProject
Global
	GlobalSection(SolutionConfigurationPlatforms) = preSolution
		Debug|Any CPU = Debug|Any CPU
		Release|Any CPU = Release|Any CPU
	EndGlobalSection
	GlobalSection(ProjectConfigurationPlatforms) = postSolution
		{FA1932FE-6CB9-446D-8A61-2B8E35EA6FA9}.Debug|Any CPU.ActiveCfg = Debug|Any CPU
		{FA1932FE-6CB9-446D-8A61-2B8E35EA6FA9}.Debug|Any CPU.Build.0 = Debug|Any CPU
		{FA1932FE-6CB9-446D-8A61-2B8E35EA6FA9}.Release|Any CPU.ActiveCfg = Release|Any CPU
		{FA1932FE-6CB9-446D-8A61-2B8E35EA6FA9}.Release|Any CPU.Build.0 = Release|Any CPU
	EndGlobalSection
	GlobalSection(SolutionProperties) = preSolution
		HideSolutionNode = FALSE
	EndGlobalSection
	GlobalSection(ExtensibilityGlobals) = postSolution
		SolutionGuid = {08A5F85E-1824-4318-83E9-6F4D2A3294A2}
	EndGlobalSection
EndGlobal
