
Microsoft Visual Studio Solution File, Format Version 12.00
# Visual Studio 15
VisualStudioVersion = 15.0.28010.2046
MinimumVisualStudioVersion = 10.0.40219.1
Project("{FAE04EC0-301F-11D3-BF4B-00C04F79EFBC}") = "ForexExchange", "NewProba\ForexExchange.csproj", "{EA40C5AC-AC31-4B59-8D80-8BB34D983268}"
EndProject
Global
	GlobalSection(SolutionConfigurationPlatforms) = preSolution
		Debug|Any CPU = Debug|Any CPU
		Release|Any CPU = Release|Any CPU
	EndGlobalSection
	GlobalSection(ProjectConfigurationPlatforms) = postSolution
		{EA40C5AC-AC31-4B59-8D80-8BB34D983268}.Debug|Any CPU.ActiveCfg = Debug|Any CPU
		{EA40C5AC-AC31-4B59-8D80-8BB34D983268}.Debug|Any CPU.Build.0 = Debug|Any CPU
		{EA40C5AC-AC31-4B59-8D80-8BB34D983268}.Release|Any CPU.ActiveCfg = Release|Any CPU
		{EA40C5AC-AC31-4B59-8D80-8BB34D983268}.Release|Any CPU.Build.0 = Release|Any CPU
	EndGlobalSection
	GlobalSection(SolutionProperties) = preSolution
		HideSolutionNode = FALSE
	EndGlobalSection
	GlobalSection(ExtensibilityGlobals) = postSolution
		SolutionGuid = {4699E44B-0773-49A0-B3A1-BE14D3EE4325}
	EndGlobalSection
EndGlobal
