
Microsoft Visual Studio Solution File, Format Version 12.00
# Visual Studio 15
VisualStudioVersion = 15.0.28010.2026
MinimumVisualStudioVersion = 10.0.40219.1
Project("{FAE04EC0-301F-11D3-BF4B-00C04F79EFBC}") = "SborDecimal", "SborDecimal\SborDecimal.csproj", "{017644D0-27F1-4F0C-8AEE-E1AD06E2850B}"
EndProject
Global
	GlobalSection(SolutionConfigurationPlatforms) = preSolution
		Debug|Any CPU = Debug|Any CPU
		Release|Any CPU = Release|Any CPU
	EndGlobalSection
	GlobalSection(ProjectConfigurationPlatforms) = postSolution
		{017644D0-27F1-4F0C-8AEE-E1AD06E2850B}.Debug|Any CPU.ActiveCfg = Debug|Any CPU
		{017644D0-27F1-4F0C-8AEE-E1AD06E2850B}.Debug|Any CPU.Build.0 = Debug|Any CPU
		{017644D0-27F1-4F0C-8AEE-E1AD06E2850B}.Release|Any CPU.ActiveCfg = Release|Any CPU
		{017644D0-27F1-4F0C-8AEE-E1AD06E2850B}.Release|Any CPU.Build.0 = Release|Any CPU
	EndGlobalSection
	GlobalSection(SolutionProperties) = preSolution
		HideSolutionNode = FALSE
	EndGlobalSection
	GlobalSection(ExtensibilityGlobals) = postSolution
		SolutionGuid = {1744F3E0-23DE-4CDC-B71D-056C5367B17E}
	EndGlobalSection
EndGlobal
