
Microsoft Visual Studio Solution File, Format Version 12.00
# Visual Studio 15
VisualStudioVersion = 15.0.28010.2026
MinimumVisualStudioVersion = 10.0.40219.1
Project("{FAE04EC0-301F-11D3-BF4B-00C04F79EFBC}") = "DeleneNa5and7", "DeleneNa5and7\DeleneNa5and7.csproj", "{686C387D-A182-4321-9122-B4DD0693647B}"
EndProject
Global
	GlobalSection(SolutionConfigurationPlatforms) = preSolution
		Debug|Any CPU = Debug|Any CPU
		Release|Any CPU = Release|Any CPU
	EndGlobalSection
	GlobalSection(ProjectConfigurationPlatforms) = postSolution
		{686C387D-A182-4321-9122-B4DD0693647B}.Debug|Any CPU.ActiveCfg = Debug|Any CPU
		{686C387D-A182-4321-9122-B4DD0693647B}.Debug|Any CPU.Build.0 = Debug|Any CPU
		{686C387D-A182-4321-9122-B4DD0693647B}.Release|Any CPU.ActiveCfg = Release|Any CPU
		{686C387D-A182-4321-9122-B4DD0693647B}.Release|Any CPU.Build.0 = Release|Any CPU
	EndGlobalSection
	GlobalSection(SolutionProperties) = preSolution
		HideSolutionNode = FALSE
	EndGlobalSection
	GlobalSection(ExtensibilityGlobals) = postSolution
		SolutionGuid = {08041FB7-F94A-4449-988C-97EB6600E9EC}
	EndGlobalSection
EndGlobal
