
Microsoft Visual Studio Solution File, Format Version 12.00
# Visual Studio 15
VisualStudioVersion = 15.0.28010.2026
MinimumVisualStudioVersion = 10.0.40219.1
Project("{FAE04EC0-301F-11D3-BF4B-00C04F79EFBC}") = "EvenNumber2", "EvenNumber2\EvenNumber2.csproj", "{05D90BCB-B741-4A1F-8055-D320BE1044DF}"
EndProject
Global
	GlobalSection(SolutionConfigurationPlatforms) = preSolution
		Debug|Any CPU = Debug|Any CPU
		Release|Any CPU = Release|Any CPU
	EndGlobalSection
	GlobalSection(ProjectConfigurationPlatforms) = postSolution
		{05D90BCB-B741-4A1F-8055-D320BE1044DF}.Debug|Any CPU.ActiveCfg = Debug|Any CPU
		{05D90BCB-B741-4A1F-8055-D320BE1044DF}.Debug|Any CPU.Build.0 = Debug|Any CPU
		{05D90BCB-B741-4A1F-8055-D320BE1044DF}.Release|Any CPU.ActiveCfg = Release|Any CPU
		{05D90BCB-B741-4A1F-8055-D320BE1044DF}.Release|Any CPU.Build.0 = Release|Any CPU
	EndGlobalSection
	GlobalSection(SolutionProperties) = preSolution
		HideSolutionNode = FALSE
	EndGlobalSection
	GlobalSection(ExtensibilityGlobals) = postSolution
		SolutionGuid = {191BB968-522B-4E76-BA9B-D613FD64D88A}
	EndGlobalSection
EndGlobal
