
Microsoft Visual Studio Solution File, Format Version 12.00
# Visual Studio 15
VisualStudioVersion = 15.0.28010.2026
MinimumVisualStudioVersion = 10.0.40219.1
Project("{FAE04EC0-301F-11D3-BF4B-00C04F79EFBC}") = "ConsoleApp5", "ConsoleApp5\ConsoleApp5.csproj", "{1CA6BCA9-0721-444D-A37B-AD7823D98B3E}"
EndProject
Global
	GlobalSection(SolutionConfigurationPlatforms) = preSolution
		Debug|Any CPU = Debug|Any CPU
		Release|Any CPU = Release|Any CPU
	EndGlobalSection
	GlobalSection(ProjectConfigurationPlatforms) = postSolution
		{1CA6BCA9-0721-444D-A37B-AD7823D98B3E}.Debug|Any CPU.ActiveCfg = Debug|Any CPU
		{1CA6BCA9-0721-444D-A37B-AD7823D98B3E}.Debug|Any CPU.Build.0 = Debug|Any CPU
		{1CA6BCA9-0721-444D-A37B-AD7823D98B3E}.Release|Any CPU.ActiveCfg = Release|Any CPU
		{1CA6BCA9-0721-444D-A37B-AD7823D98B3E}.Release|Any CPU.Build.0 = Release|Any CPU
	EndGlobalSection
	GlobalSection(SolutionProperties) = preSolution
		HideSolutionNode = FALSE
	EndGlobalSection
	GlobalSection(ExtensibilityGlobals) = postSolution
		SolutionGuid = {CA1AB46E-5B9B-4BAA-8E7A-CC34091CF7B6}
	EndGlobalSection
EndGlobal
